
Microsoft Visual Studio Solution File, Format Version 12.00
# Visual Studio 2012
Project("{FAE04EC0-301F-11D3-BF4B-00C04F79EFBC}") = "SimformWebApplication", "SimformWebApplication\SimformWebApplication.csproj", "{442767F4-DDBE-47DB-B2F2-BCE733A50237}"
EndProject
Project("{FAE04EC0-301F-11D3-BF4B-00C04F79EFBC}") = "SimformWebAPI", "SimformWebAPI\SimformWebAPI.csproj", "{482AB8E0-B0B7-420C-A5D8-0EAB07746C5F}"
EndProject
Project("{2150E333-8FDC-42A3-9474-1A3956D46DE8}") = ".nuget", ".nuget", "{A43678EE-DCE1-49E5-91A6-2D18F028B6E1}"
	ProjectSection(SolutionItems) = preProject
		.nuget\NuGet.Config = .nuget\NuGet.Config
		.nuget\NuGet.exe = .nuget\NuGet.exe
		.nuget\NuGet.targets = .nuget\NuGet.targets
	EndProjectSection
EndProject
Global
	GlobalSection(SubversionScc) = preSolution
		Svn-Managed = True
		Manager = AnkhSVN - Subversion Support for Visual Studio
	EndGlobalSection
	GlobalSection(SolutionConfigurationPlatforms) = preSolution
		Debug|Any CPU = Debug|Any CPU
		Release|Any CPU = Release|Any CPU
	EndGlobalSection
	GlobalSection(ProjectConfigurationPlatforms) = postSolution
		{442767F4-DDBE-47DB-B2F2-BCE733A50237}.Debug|Any CPU.ActiveCfg = Debug|Any CPU
		{442767F4-DDBE-47DB-B2F2-BCE733A50237}.Debug|Any CPU.Build.0 = Debug|Any CPU
		{442767F4-DDBE-47DB-B2F2-BCE733A50237}.Release|Any CPU.ActiveCfg = Release|Any CPU
		{442767F4-DDBE-47DB-B2F2-BCE733A50237}.Release|Any CPU.Build.0 = Release|Any CPU
		{482AB8E0-B0B7-420C-A5D8-0EAB07746C5F}.Debug|Any CPU.ActiveCfg = Debug|Any CPU
		{482AB8E0-B0B7-420C-A5D8-0EAB07746C5F}.Debug|Any CPU.Build.0 = Debug|Any CPU
		{482AB8E0-B0B7-420C-A5D8-0EAB07746C5F}.Release|Any CPU.ActiveCfg = Release|Any CPU
		{482AB8E0-B0B7-420C-A5D8-0EAB07746C5F}.Release|Any CPU.Build.0 = Release|Any CPU
	EndGlobalSection
	GlobalSection(SolutionProperties) = preSolution
		HideSolutionNode = FALSE
	EndGlobalSection
EndGlobal
